
Microsoft Visual Studio Solution File, Format Version 12.00
# Visual Studio 15
VisualStudioVersion = 15.0.27703.2018
MinimumVisualStudioVersion = 10.0.40219.1
Project("{8BC9CEB8-8B4A-11D0-8D11-00A0C91BC942}") = "sml", "sml.vcxproj", "{75871E0A-F05A-4DE9-9B51-42134148B2A6}"
EndProject
Project("{2150E333-8FDC-42A3-9474-1A3956D46DE8}") = "test", "test", "{100DBD8D-D0E9-40EB-B2E4-E7B44ED1C26D}"
	ProjectSection(SolutionItems) = preProject
		test\ex_01.sml = test\ex_01.sml
		README.md = README.md
		test\test.sml = test\test.sml
		test\test10.sml = test\test10.sml
		test\test11.sml = test\test11.sml
		test\test12.sml = test\test12.sml
		test\test13.sml = test\test13.sml
		test\test14.sml = test\test14.sml
		test\test15.sml = test\test15.sml
		test\test16.sml = test\test16.sml
		test\test17.sml = test\test17.sml
		test\test18.sml = test\test18.sml
		test\test19.sml = test\test19.sml
		test\test2.sml = test\test2.sml
		test\test20.sml = test\test20.sml
		test\test21.sml = test\test21.sml
		test\test22.sml = test\test22.sml
		test\test23.sml = test\test23.sml
		test\test24.sml = test\test24.sml
		test\test25.sml = test\test25.sml
		test\test27.sml = test\test27.sml
		test\test28.sml = test\test28.sml
		test\test29.sml = test\test29.sml
		test\test3.sml = test\test3.sml
		test\test30.sml = test\test30.sml
		test\test32.sml = test\test32.sml
		test\test33.sml = test\test33.sml
		test\test34.sml = test\test34.sml
		test\test35.sml = test\test35.sml
		test\test4.sml = test\test4.sml
		test\test5.sml = test\test5.sml
		test\test6.sml = test\test6.sml
		test\test7.sml = test\test7.sml
		test\test8.sml = test\test8.sml
		test\test9.sml = test\test9.sml
	EndProjectSection
EndProject
Project("{8BC9CEB8-8B4A-11D0-8D11-00A0C91BC942}") = "plplotdll", "plplotdll\plplotdll.vcxproj", "{3B58EB87-6B7F-49F8-BAD5-300EC58D2F43}"
EndProject
Project("{2150E333-8FDC-42A3-9474-1A3956D46DE8}") = "Solution Items", "Solution Items", "{AD18A675-1F1D-42F6-989F-758000F946D1}"
EndProject
Global
	GlobalSection(SolutionConfigurationPlatforms) = preSolution
		Debug|x64 = Debug|x64
		Debug|x86 = Debug|x86
		Release|x64 = Release|x64
		Release|x86 = Release|x86
	EndGlobalSection
	GlobalSection(ProjectConfigurationPlatforms) = postSolution
		{75871E0A-F05A-4DE9-9B51-42134148B2A6}.Debug|x64.ActiveCfg = Debug|x64
		{75871E0A-F05A-4DE9-9B51-42134148B2A6}.Debug|x64.Build.0 = Debug|x64
		{75871E0A-F05A-4DE9-9B51-42134148B2A6}.Debug|x86.ActiveCfg = Debug|Win32
		{75871E0A-F05A-4DE9-9B51-42134148B2A6}.Debug|x86.Build.0 = Debug|Win32
		{75871E0A-F05A-4DE9-9B51-42134148B2A6}.Release|x64.ActiveCfg = Release|x64
		{75871E0A-F05A-4DE9-9B51-42134148B2A6}.Release|x64.Build.0 = Release|x64
		{75871E0A-F05A-4DE9-9B51-42134148B2A6}.Release|x86.ActiveCfg = Release|Win32
		{75871E0A-F05A-4DE9-9B51-42134148B2A6}.Release|x86.Build.0 = Release|Win32
		{3B58EB87-6B7F-49F8-BAD5-300EC58D2F43}.Debug|x64.ActiveCfg = Debug|x64
		{3B58EB87-6B7F-49F8-BAD5-300EC58D2F43}.Debug|x64.Build.0 = Debug|x64
		{3B58EB87-6B7F-49F8-BAD5-300EC58D2F43}.Debug|x86.ActiveCfg = Debug|Win32
		{3B58EB87-6B7F-49F8-BAD5-300EC58D2F43}.Debug|x86.Build.0 = Debug|Win32
		{3B58EB87-6B7F-49F8-BAD5-300EC58D2F43}.Release|x64.ActiveCfg = Release|x64
		{3B58EB87-6B7F-49F8-BAD5-300EC58D2F43}.Release|x64.Build.0 = Release|x64
		{3B58EB87-6B7F-49F8-BAD5-300EC58D2F43}.Release|x86.ActiveCfg = Release|Win32
		{3B58EB87-6B7F-49F8-BAD5-300EC58D2F43}.Release|x86.Build.0 = Release|Win32
	EndGlobalSection
	GlobalSection(SolutionProperties) = preSolution
		HideSolutionNode = FALSE
	EndGlobalSection
	GlobalSection(ExtensibilityGlobals) = postSolution
		SolutionGuid = {00BB3403-8EB4-43B3-96E5-8F663F3071FF}
	EndGlobalSection
	GlobalSection(Performance) = preSolution
		HasPerformanceSessions = true
	EndGlobalSection
	GlobalSection(Performance) = preSolution
		HasPerformanceSessions = true
	EndGlobalSection
	GlobalSection(Performance) = preSolution
		HasPerformanceSessions = true
	EndGlobalSection
EndGlobal
